// !$*UTF8*$!
{
	archiveVersion = 1;
	classes = {
	};
	objectVersion = 50;
	objects = {

/* Begin PBXBuildFile section */
		61264FF421F920C600F5B580 /* TransactionTabBarController.swift in Sources */ = {isa = PBXBuildFile; fileRef = 61264FF321F920C600F5B580 /* TransactionTabBarController.swift */; };
		61264FF921F9211E00F5B580 /* BaseViewController.swift in Sources */ = {isa = PBXBuildFile; fileRef = 61264FF821F9211E00F5B580 /* BaseViewController.swift */; };
		61264FFC21F9222100F5B580 /* TransactionViewController.swift in Sources */ = {isa = PBXBuildFile; fileRef = 61264FFB21F9222100F5B580 /* TransactionViewController.swift */; };
		61264FFE21F9222B00F5B580 /* SettingsViewController.swift in Sources */ = {isa = PBXBuildFile; fileRef = 61264FFD21F9222B00F5B580 /* SettingsViewController.swift */; };
		6126500621F9232700F5B580 /* Enums.swift in Sources */ = {isa = PBXBuildFile; fileRef = 6126500521F9232700F5B580 /* Enums.swift */; };
		6126501321FA664E00F5B580 /* Constants.swift in Sources */ = {isa = PBXBuildFile; fileRef = 6126501221FA664E00F5B580 /* Constants.swift */; };
		6126501521FA66A200F5B580 /* APIRouter.swift in Sources */ = {isa = PBXBuildFile; fileRef = 6126501421FA66A200F5B580 /* APIRouter.swift */; };
		6126501821FA67E100F5B580 /* TransactionModel.swift in Sources */ = {isa = PBXBuildFile; fileRef = 6126501721FA67E100F5B580 /* TransactionModel.swift */; };
		6126501A21FA686600F5B580 /* APIClient.swift in Sources */ = {isa = PBXBuildFile; fileRef = 6126501921FA686600F5B580 /* APIClient.swift */; };
		6126504B21FBB6E800F5B580 /* TransactionListCell.swift in Sources */ = {isa = PBXBuildFile; fileRef = 6126504A21FBB6E800F5B580 /* TransactionListCell.swift */; };
		6126504D21FBBED400F5B580 /* TransactionListCell.xib in Resources */ = {isa = PBXBuildFile; fileRef = 6126504C21FBBED400F5B580 /* TransactionListCell.xib */; };
		6126505021FBDAF000F5B580 /* CustomSectionModel.swift in Sources */ = {isa = PBXBuildFile; fileRef = 6126504F21FBDAF000F5B580 /* CustomSectionModel.swift */; };
		6126505221FBDE5800F5B580 /* Extensions.swift in Sources */ = {isa = PBXBuildFile; fileRef = 6126505121FBDE5800F5B580 /* Extensions.swift */; };
		6126505421FBE3BD00F5B580 /* TransactionHeaderCell.swift in Sources */ = {isa = PBXBuildFile; fileRef = 6126505321FBE3BD00F5B580 /* TransactionHeaderCell.swift */; };
		6126505621FBE3C900F5B580 /* TransactionHeaderCell.xib in Resources */ = {isa = PBXBuildFile; fileRef = 6126505521FBE3C900F5B580 /* TransactionHeaderCell.xib */; };
		6160247D21F918B400EB02CD /* AppDelegate.swift in Sources */ = {isa = PBXBuildFile; fileRef = 6160247C21F918B400EB02CD /* AppDelegate.swift */; };
		6160248221F918B400EB02CD /* Main.storyboard in Resources */ = {isa = PBXBuildFile; fileRef = 6160248021F918B400EB02CD /* Main.storyboard */; };
		6160248421F918B500EB02CD /* Assets.xcassets in Resources */ = {isa = PBXBuildFile; fileRef = 6160248321F918B500EB02CD /* Assets.xcassets */; };
		6160248721F918B500EB02CD /* LaunchScreen.storyboard in Resources */ = {isa = PBXBuildFile; fileRef = 6160248521F918B500EB02CD /* LaunchScreen.storyboard */; };
		6179890F21FE6BC7002BE9A0 /* KeychainManager.swift in Sources */ = {isa = PBXBuildFile; fileRef = 6179890E21FE6BC7002BE9A0 /* KeychainManager.swift */; };
		6179891221FE6C0D002BE9A0 /* UserModel.swift in Sources */ = {isa = PBXBuildFile; fileRef = 6179891121FE6C0D002BE9A0 /* UserModel.swift */; };
		6179891421FE7461002BE9A0 /* LoginViewModel.swift in Sources */ = {isa = PBXBuildFile; fileRef = 6179891321FE7461002BE9A0 /* LoginViewModel.swift */; };
		6179891621FE8A5A002BE9A0 /* Protocols.swift in Sources */ = {isa = PBXBuildFile; fileRef = 6179891521FE8A5A002BE9A0 /* Protocols.swift */; };
		FC85CF6F85029B9F37E9D016 /* Pods_LibertypoolAssignment.framework in Frameworks */ = {isa = PBXBuildFile; fileRef = 9AE568906F270D7D5C086613 /* Pods_LibertypoolAssignment.framework */; };
/* End PBXBuildFile section */

/* Begin PBXFileReference section */
		61264FF321F920C600F5B580 /* TransactionTabBarController.swift */ = {isa = PBXFileReference; lastKnownFileType = sourcecode.swift; path = TransactionTabBarController.swift; sourceTree = "<group>"; };
		61264FF821F9211E00F5B580 /* BaseViewController.swift */ = {isa = PBXFileReference; lastKnownFileType = sourcecode.swift; path = BaseViewController.swift; sourceTree = "<group>"; };
		61264FFB21F9222100F5B580 /* TransactionViewController.swift */ = {isa = PBXFileReference; lastKnownFileType = sourcecode.swift; path = TransactionViewController.swift; sourceTree = "<group>"; };
		61264FFD21F9222B00F5B580 /* SettingsViewController.swift */ = {isa = PBXFileReference; lastKnownFileType = sourcecode.swift; path = SettingsViewController.swift; sourceTree = "<group>"; };
		6126500521F9232700F5B580 /* Enums.swift */ = {isa = PBXFileReference; lastKnownFileType = sourcecode.swift; path = Enums.swift; sourceTree = "<group>"; };
		6126501221FA664E00F5B580 /* Constants.swift */ = {isa = PBXFileReference; lastKnownFileType = sourcecode.swift; path = Constants.swift; sourceTree = "<group>"; };
		6126501421FA66A200F5B580 /* APIRouter.swift */ = {isa = PBXFileReference; lastKnownFileType = sourcecode.swift; path = APIRouter.swift; sourceTree = "<group>"; };
		6126501721FA67E100F5B580 /* TransactionModel.swift */ = {isa = PBXFileReference; lastKnownFileType = sourcecode.swift; path = TransactionModel.swift; sourceTree = "<group>"; };
		6126501921FA686600F5B580 /* APIClient.swift */ = {isa = PBXFileReference; lastKnownFileType = sourcecode.swift; path = APIClient.swift; sourceTree = "<group>"; };
		6126504A21FBB6E800F5B580 /* TransactionListCell.swift */ = {isa = PBXFileReference; lastKnownFileType = sourcecode.swift; path = TransactionListCell.swift; sourceTree = "<group>"; };
		6126504C21FBBED400F5B580 /* TransactionListCell.xib */ = {isa = PBXFileReference; lastKnownFileType = file.xib; path = TransactionListCell.xib; sourceTree = "<group>"; };
		6126504F21FBDAF000F5B580 /* CustomSectionModel.swift */ = {isa = PBXFileReference; lastKnownFileType = sourcecode.swift; path = CustomSectionModel.swift; sourceTree = "<group>"; };
		6126505121FBDE5800F5B580 /* Extensions.swift */ = {isa = PBXFileReference; lastKnownFileType = sourcecode.swift; path = Extensions.swift; sourceTree = "<group>"; };
		6126505321FBE3BD00F5B580 /* TransactionHeaderCell.swift */ = {isa = PBXFileReference; lastKnownFileType = sourcecode.swift; path = TransactionHeaderCell.swift; sourceTree = "<group>"; };
		6126505521FBE3C900F5B580 /* TransactionHeaderCell.xib */ = {isa = PBXFileReference; lastKnownFileType = file.xib; path = TransactionHeaderCell.xib; sourceTree = "<group>"; };
		6160247921F918B400EB02CD /* LibertypoolAssignment.app */ = {isa = PBXFileReference; explicitFileType = wrapper.application; includeInIndex = 0; path = LibertypoolAssignment.app; sourceTree = BUILT_PRODUCTS_DIR; };
		6160247C21F918B400EB02CD /* AppDelegate.swift */ = {isa = PBXFileReference; lastKnownFileType = sourcecode.swift; path = AppDelegate.swift; sourceTree = "<group>"; };
		6160248121F918B400EB02CD /* Base */ = {isa = PBXFileReference; lastKnownFileType = file.storyboard; name = Base; path = Base.lproj/Main.storyboard; sourceTree = "<group>"; };
		6160248321F918B500EB02CD /* Assets.xcassets */ = {isa = PBXFileReference; lastKnownFileType = folder.assetcatalog; path = Assets.xcassets; sourceTree = "<group>"; };
		6160248621F918B500EB02CD /* Base */ = {isa = PBXFileReference; lastKnownFileType = file.storyboard; name = Base; path = Base.lproj/LaunchScreen.storyboard; sourceTree = "<group>"; };
		6160248821F918B500EB02CD /* Info.plist */ = {isa = PBXFileReference; lastKnownFileType = text.plist.xml; path = Info.plist; sourceTree = "<group>"; };
		6179890E21FE6BC7002BE9A0 /* KeychainManager.swift */ = {isa = PBXFileReference; lastKnownFileType = sourcecode.swift; path = KeychainManager.swift; sourceTree = "<group>"; };
		6179891121FE6C0D002BE9A0 /* UserModel.swift */ = {isa = PBXFileReference; lastKnownFileType = sourcecode.swift; path = UserModel.swift; sourceTree = "<group>"; };
		6179891321FE7461002BE9A0 /* LoginViewModel.swift */ = {isa = PBXFileReference; lastKnownFileType = sourcecode.swift; path = LoginViewModel.swift; sourceTree = "<group>"; };
		6179891521FE8A5A002BE9A0 /* Protocols.swift */ = {isa = PBXFileReference; lastKnownFileType = sourcecode.swift; path = Protocols.swift; sourceTree = "<group>"; };
		906509EFBAD71FFB2E0DAF8A /* Pods-LibertypoolAssignment.release.xcconfig */ = {isa = PBXFileReference; includeInIndex = 1; lastKnownFileType = text.xcconfig; name = "Pods-LibertypoolAssignment.release.xcconfig"; path = "Pods/Target Support Files/Pods-LibertypoolAssignment/Pods-LibertypoolAssignment.release.xcconfig"; sourceTree = "<group>"; };
		9AE568906F270D7D5C086613 /* Pods_LibertypoolAssignment.framework */ = {isa = PBXFileReference; explicitFileType = wrapper.framework; includeInIndex = 0; path = Pods_LibertypoolAssignment.framework; sourceTree = BUILT_PRODUCTS_DIR; };
		CFB21BD3BDED05A8570C2966 /* Pods-LibertypoolAssignment.debug.xcconfig */ = {isa = PBXFileReference; includeInIndex = 1; lastKnownFileType = text.xcconfig; name = "Pods-LibertypoolAssignment.debug.xcconfig"; path = "Pods/Target Support Files/Pods-LibertypoolAssignment/Pods-LibertypoolAssignment.debug.xcconfig"; sourceTree = "<group>"; };
/* End PBXFileReference section */

/* Begin PBXFrameworksBuildPhase section */
		6160247621F918B400EB02CD /* Frameworks */ = {
			isa = PBXFrameworksBuildPhase;
			buildActionMask = 2147483647;
			files = (
				FC85CF6F85029B9F37E9D016 /* Pods_LibertypoolAssignment.framework in Frameworks */,
			);
			runOnlyForDeploymentPostprocessing = 0;
		};
/* End PBXFrameworksBuildPhase section */

/* Begin PBXGroup section */
		61264FEC21F9205D00F5B580 /* ViewControllers */ = {
			isa = PBXGroup;
			children = (
				61264FF721F920DE00F5B580 /* Transactions */,
				61264FF621F920D900F5B580 /* Settings */,
				61264FF521F920D300F5B580 /* Generic */,
			);
			path = ViewControllers;
			sourceTree = "<group>";
		};
		61264FED21F9206300F5B580 /* Controllers */ = {
			isa = PBXGroup;
			children = (
			);
			path = Controllers;
			sourceTree = "<group>";
		};
		61264FEE21F9206700F5B580 /* Managers */ = {
			isa = PBXGroup;
			children = (
				6126501921FA686600F5B580 /* APIClient.swift */,
				6179890E21FE6BC7002BE9A0 /* KeychainManager.swift */,
			);
			path = Managers;
			sourceTree = "<group>";
		};
		61264FEF21F9206A00F5B580 /* Helpers */ = {
			isa = PBXGroup;
			children = (
				6126500521F9232700F5B580 /* Enums.swift */,
				6126501221FA664E00F5B580 /* Constants.swift */,
				6126501421FA66A200F5B580 /* APIRouter.swift */,
				6126505121FBDE5800F5B580 /* Extensions.swift */,
			);
			path = Helpers;
			sourceTree = "<group>";
		};
		61264FF021F9207100F5B580 /* Models */ = {
			isa = PBXGroup;
			children = (
				6179891021FE6BFC002BE9A0 /* Generic Models */,
				6126504E21FBDADF00F5B580 /* View Models */,
				6126501621FA67D600F5B580 /* Response Models */,
				6126500121F922F800F5B580 /* Manager Models */,
			);
			path = Models;
			sourceTree = "<group>";
		};
		61264FF121F9207900F5B580 /* Supporting Files */ = {
			isa = PBXGroup;
			children = (
				6160247C21F918B400EB02CD /* AppDelegate.swift */,
				6160248821F918B500EB02CD /* Info.plist */,
				6160248321F918B500EB02CD /* Assets.xcassets */,
			);
			path = "Supporting Files";
			sourceTree = "<group>";
		};
		61264FF221F9208000F5B580 /* Storyboards */ = {
			isa = PBXGroup;
			children = (
				6160248521F918B500EB02CD /* LaunchScreen.storyboard */,
				6160248021F918B400EB02CD /* Main.storyboard */,
			);
			path = Storyboards;
			sourceTree = "<group>";
		};
		61264FF521F920D300F5B580 /* Generic */ = {
			isa = PBXGroup;
			children = (
				61264FF321F920C600F5B580 /* TransactionTabBarController.swift */,
				61264FF821F9211E00F5B580 /* BaseViewController.swift */,
			);
			path = Generic;
			sourceTree = "<group>";
		};
		61264FF621F920D900F5B580 /* Settings */ = {
			isa = PBXGroup;
			children = (
				61264FFD21F9222B00F5B580 /* SettingsViewController.swift */,
			);
			name = Settings;
			sourceTree = "<group>";
		};
		61264FF721F920DE00F5B580 /* Transactions */ = {
			isa = PBXGroup;
			children = (
				61264FFB21F9222100F5B580 /* TransactionViewController.swift */,
			);
			path = Transactions;
			sourceTree = "<group>";
		};
		61264FFA21F921FA00F5B580 /* Protocols */ = {
			isa = PBXGroup;
			children = (
				6179891521FE8A5A002BE9A0 /* Protocols.swift */,
			);
			path = Protocols;
			sourceTree = "<group>";
		};
		6126500121F922F800F5B580 /* Manager Models */ = {
			isa = PBXGroup;
			children = (
			);
			path = "Manager Models";
			sourceTree = "<group>";
		};
		6126501621FA67D600F5B580 /* Response Models */ = {
			isa = PBXGroup;
			children = (
				6126501721FA67E100F5B580 /* TransactionModel.swift */,
			);
			path = "Response Models";
			sourceTree = "<group>";
		};
		6126504821FBB6CA00F5B580 /* Views */ = {
			isa = PBXGroup;
			children = (
				6126504921FBB6D200F5B580 /* Cell Views */,
			);
			path = Views;
			sourceTree = "<group>";
		};
		6126504921FBB6D200F5B580 /* Cell Views */ = {
			isa = PBXGroup;
			children = (
				6126504A21FBB6E800F5B580 /* TransactionListCell.swift */,
				6126504C21FBBED400F5B580 /* TransactionListCell.xib */,
				6126505321FBE3BD00F5B580 /* TransactionHeaderCell.swift */,
				6126505521FBE3C900F5B580 /* TransactionHeaderCell.xib */,
			);
			path = "Cell Views";
			sourceTree = "<group>";
		};
		6126504E21FBDADF00F5B580 /* View Models */ = {
			isa = PBXGroup;
			children = (
				6126504F21FBDAF000F5B580 /* CustomSectionModel.swift */,
				6179891321FE7461002BE9A0 /* LoginViewModel.swift */,
			);
			path = "View Models";
			sourceTree = "<group>";
		};
		6160247021F918B400EB02CD = {
			isa = PBXGroup;
			children = (
				6160247B21F918B400EB02CD /* LibertypoolAssignment */,
				6160247A21F918B400EB02CD /* Products */,
				F595199DB76A98C88194541F /* Pods */,
				9E238561772D6B0DBF37AC02 /* Frameworks */,
			);
			sourceTree = "<group>";
		};
		6160247A21F918B400EB02CD /* Products */ = {
			isa = PBXGroup;
			children = (
				6160247921F918B400EB02CD /* LibertypoolAssignment.app */,
			);
			name = Products;
			sourceTree = "<group>";
		};
		6160247B21F918B400EB02CD /* LibertypoolAssignment */ = {
			isa = PBXGroup;
			children = (
				6126504821FBB6CA00F5B580 /* Views */,
				61264FFA21F921FA00F5B580 /* Protocols */,
				61264FF221F9208000F5B580 /* Storyboards */,
				61264FF121F9207900F5B580 /* Supporting Files */,
				61264FF021F9207100F5B580 /* Models */,
				61264FEF21F9206A00F5B580 /* Helpers */,
				61264FEE21F9206700F5B580 /* Managers */,
				61264FED21F9206300F5B580 /* Controllers */,
				61264FEC21F9205D00F5B580 /* ViewControllers */,
			);
			path = LibertypoolAssignment;
			sourceTree = "<group>";
		};
		6179891021FE6BFC002BE9A0 /* Generic Models */ = {
			isa = PBXGroup;
			children = (
				6179891121FE6C0D002BE9A0 /* UserModel.swift */,
			);
			path = "Generic Models";
			sourceTree = "<group>";
		};
		9E238561772D6B0DBF37AC02 /* Frameworks */ = {
			isa = PBXGroup;
			children = (
				9AE568906F270D7D5C086613 /* Pods_LibertypoolAssignment.framework */,
			);
			name = Frameworks;
			sourceTree = "<group>";
		};
		F595199DB76A98C88194541F /* Pods */ = {
			isa = PBXGroup;
			children = (
				CFB21BD3BDED05A8570C2966 /* Pods-LibertypoolAssignment.debug.xcconfig */,
				906509EFBAD71FFB2E0DAF8A /* Pods-LibertypoolAssignment.release.xcconfig */,
			);
			name = Pods;
			sourceTree = "<group>";
		};
/* End PBXGroup section */

/* Begin PBXNativeTarget section */
		6160247821F918B400EB02CD /* LibertypoolAssignment */ = {
			isa = PBXNativeTarget;
			buildConfigurationList = 6160248B21F918B500EB02CD /* Build configuration list for PBXNativeTarget "LibertypoolAssignment" */;
			buildPhases = (
				26B537DF127A59D7E14B61EF /* [CP] Check Pods Manifest.lock */,
				6160247521F918B400EB02CD /* Sources */,
				6160247621F918B400EB02CD /* Frameworks */,
				6160247721F918B400EB02CD /* Resources */,
				69F30E07F89D902D48A47674 /* [CP] Embed Pods Frameworks */,
			);
			buildRules = (
			);
			dependencies = (
			);
			name = LibertypoolAssignment;
			productName = LibertypoolAssignment;
			productReference = 6160247921F918B400EB02CD /* LibertypoolAssignment.app */;
			productType = "com.apple.product-type.application";
		};
/* End PBXNativeTarget section */

/* Begin PBXProject section */
		6160247121F918B400EB02CD /* Project object */ = {
			isa = PBXProject;
			attributes = {
				LastSwiftUpdateCheck = 1010;
				LastUpgradeCheck = 1010;
				ORGANIZATIONNAME = "Mert Serin";
				TargetAttributes = {
					6160247821F918B400EB02CD = {
						CreatedOnToolsVersion = 10.1;
					};
				};
			};
			buildConfigurationList = 6160247421F918B400EB02CD /* Build configuration list for PBXProject "LibertypoolAssignment" */;
			compatibilityVersion = "Xcode 9.3";
			developmentRegion = en;
			hasScannedForEncodings = 0;
			knownRegions = (
				en,
				Base,
			);
			mainGroup = 6160247021F918B400EB02CD;
			productRefGroup = 6160247A21F918B400EB02CD /* Products */;
			projectDirPath = "";
			projectRoot = "";
			targets = (
				6160247821F918B400EB02CD /* LibertypoolAssignment */,
			);
		};
/* End PBXProject section */

/* Begin PBXResourcesBuildPhase section */
		6160247721F918B400EB02CD /* Resources */ = {
			isa = PBXResourcesBuildPhase;
			buildActionMask = 2147483647;
			files = (
				6160248721F918B500EB02CD /* LaunchScreen.storyboard in Resources */,
				6126505621FBE3C900F5B580 /* TransactionHeaderCell.xib in Resources */,
				6160248421F918B500EB02CD /* Assets.xcassets in Resources */,
				6126504D21FBBED400F5B580 /* TransactionListCell.xib in Resources */,
				6160248221F918B400EB02CD /* Main.storyboard in Resources */,
			);
			runOnlyForDeploymentPostprocessing = 0;
		};
/* End PBXResourcesBuildPhase section */

/* Begin PBXShellScriptBuildPhase section */
		26B537DF127A59D7E14B61EF /* [CP] Check Pods Manifest.lock */ = {
			isa = PBXShellScriptBuildPhase;
			buildActionMask = 2147483647;
			files = (
			);
			inputFileListPaths = (
			);
			inputPaths = (
				"${PODS_PODFILE_DIR_PATH}/Podfile.lock",
				"${PODS_ROOT}/Manifest.lock",
			);
			name = "[CP] Check Pods Manifest.lock";
			outputFileListPaths = (
			);
			outputPaths = (
				"$(DERIVED_FILE_DIR)/Pods-LibertypoolAssignment-checkManifestLockResult.txt",
			);
			runOnlyForDeploymentPostprocessing = 0;
			shellPath = /bin/sh;
			shellScript = "diff \"${PODS_PODFILE_DIR_PATH}/Podfile.lock\" \"${PODS_ROOT}/Manifest.lock\" > /dev/null\nif [ $? != 0 ] ; then\n    # print error to STDERR\n    echo \"error: The sandbox is not in sync with the Podfile.lock. Run 'pod install' or update your CocoaPods installation.\" >&2\n    exit 1\nfi\n# This output is used by Xcode 'outputs' to avoid re-running this script phase.\necho \"SUCCESS\" > \"${SCRIPT_OUTPUT_FILE_0}\"\n";
			showEnvVarsInLog = 0;
		};
		69F30E07F89D902D48A47674 /* [CP] Embed Pods Frameworks */ = {
			isa = PBXShellScriptBuildPhase;
			buildActionMask = 2147483647;
			files = (
			);
			inputFileListPaths = (
			);
			inputPaths = (
				"${SRCROOT}/Pods/Target Support Files/Pods-LibertypoolAssignment/Pods-LibertypoolAssignment-frameworks.sh",
				"${BUILT_PRODUCTS_DIR}/Alamofire/Alamofire.framework",
				"${BUILT_PRODUCTS_DIR}/Charts/Charts.framework",
				"${BUILT_PRODUCTS_DIR}/Differentiator/Differentiator.framework",
				"${BUILT_PRODUCTS_DIR}/Marshal/Marshal.framework",
				"${BUILT_PRODUCTS_DIR}/RxAtomic/RxAtomic.framework",
				"${BUILT_PRODUCTS_DIR}/RxCocoa/RxCocoa.framework",
				"${BUILT_PRODUCTS_DIR}/RxDataSources/RxDataSources.framework",
				"${BUILT_PRODUCTS_DIR}/RxSwift/RxSwift.framework",
				"${BUILT_PRODUCTS_DIR}/SwiftKeychainWrapper/SwiftKeychainWrapper.framework",
			);
			name = "[CP] Embed Pods Frameworks";
			outputFileListPaths = (
			);
			outputPaths = (
				"${TARGET_BUILD_DIR}/${FRAMEWORKS_FOLDER_PATH}/Alamofire.framework",
				"${TARGET_BUILD_DIR}/${FRAMEWORKS_FOLDER_PATH}/Charts.framework",
				"${TARGET_BUILD_DIR}/${FRAMEWORKS_FOLDER_PATH}/Differentiator.framework",
				"${TARGET_BUILD_DIR}/${FRAMEWORKS_FOLDER_PATH}/Marshal.framework",
				"${TARGET_BUILD_DIR}/${FRAMEWORKS_FOLDER_PATH}/RxAtomic.framework",
				"${TARGET_BUILD_DIR}/${FRAMEWORKS_FOLDER_PATH}/RxCocoa.framework",
				"${TARGET_BUILD_DIR}/${FRAMEWORKS_FOLDER_PATH}/RxDataSources.framework",
				"${TARGET_BUILD_DIR}/${FRAMEWORKS_FOLDER_PATH}/RxSwift.framework",
				"${TARGET_BUILD_DIR}/${FRAMEWORKS_FOLDER_PATH}/SwiftKeychainWrapper.framework",
			);
			runOnlyForDeploymentPostprocessing = 0;
			shellPath = /bin/sh;
			shellScript = "\"${SRCROOT}/Pods/Target Support Files/Pods-LibertypoolAssignment/Pods-LibertypoolAssignment-frameworks.sh\"\n";
			showEnvVarsInLog = 0;
		};
/* End PBXShellScriptBuildPhase section */

/* Begin PBXSourcesBuildPhase section */
		6160247521F918B400EB02CD /* Sources */ = {
			isa = PBXSourcesBuildPhase;
			buildActionMask = 2147483647;
			files = (
				6126505021FBDAF000F5B580 /* CustomSectionModel.swift in Sources */,
				61264FF421F920C600F5B580 /* TransactionTabBarController.swift in Sources */,
				6126504B21FBB6E800F5B580 /* TransactionListCell.swift in Sources */,
				6179891621FE8A5A002BE9A0 /* Protocols.swift in Sources */,
				6160247D21F918B400EB02CD /* AppDelegate.swift in Sources */,
				6179890F21FE6BC7002BE9A0 /* KeychainManager.swift in Sources */,
				6126501821FA67E100F5B580 /* TransactionModel.swift in Sources */,
				6126505421FBE3BD00F5B580 /* TransactionHeaderCell.swift in Sources */,
				6126501A21FA686600F5B580 /* APIClient.swift in Sources */,
				61264FF921F9211E00F5B580 /* BaseViewController.swift in Sources */,
				61264FFE21F9222B00F5B580 /* SettingsViewController.swift in Sources */,
				6179891421FE7461002BE9A0 /* LoginViewModel.swift in Sources */,
				6179891221FE6C0D002BE9A0 /* UserModel.swift in Sources */,
				6126505221FBDE5800F5B580 /* Extensions.swift in Sources */,
				6126501521FA66A200F5B580 /* APIRouter.swift in Sources */,
				6126500621F9232700F5B580 /* Enums.swift in Sources */,
				61264FFC21F9222100F5B580 /* TransactionViewController.swift in Sources */,
				6126501321FA664E00F5B580 /* Constants.swift in Sources */,
			);
			runOnlyForDeploymentPostprocessing = 0;
		};
/* End PBXSourcesBuildPhase section */

/* Begin PBXVariantGroup section */
		6160248021F918B400EB02CD /* Main.storyboard */ = {
			isa = PBXVariantGroup;
			children = (
				6160248121F918B400EB02CD /* Base */,
			);
			name = Main.storyboard;
			sourceTree = "<group>";
		};
		6160248521F918B500EB02CD /* LaunchScreen.storyboard */ = {
			isa = PBXVariantGroup;
			children = (
				6160248621F918B500EB02CD /* Base */,
			);
			name = LaunchScreen.storyboard;
			sourceTree = "<group>";
		};
/* End PBXVariantGroup section */

/* Begin XCBuildConfiguration section */
		6160248921F918B500EB02CD /* Debug */ = {
			isa = XCBuildConfiguration;
			buildSettings = {
				ALWAYS_SEARCH_USER_PATHS = NO;
				CLANG_ANALYZER_NONNULL = YES;
				CLANG_ANALYZER_NUMBER_OBJECT_CONVERSION = YES_AGGRESSIVE;
				CLANG_CXX_LANGUAGE_STANDARD = "gnu++14";
				CLANG_CXX_LIBRARY = "libc++";
				CLANG_ENABLE_MODULES = YES;
				CLANG_ENABLE_OBJC_ARC = YES;
				CLANG_ENABLE_OBJC_WEAK = YES;
				CLANG_WARN_BLOCK_CAPTURE_AUTORELEASING = YES;
				CLANG_WARN_BOOL_CONVERSION = YES;
				CLANG_WARN_COMMA = YES;
				CLANG_WARN_CONSTANT_CONVERSION = YES;
				CLANG_WARN_DEPRECATED_OBJC_IMPLEMENTATIONS = YES;
				CLANG_WARN_DIRECT_OBJC_ISA_USAGE = YES_ERROR;
				CLANG_WARN_DOCUMENTATION_COMMENTS = YES;
				CLANG_WARN_EMPTY_BODY = YES;
				CLANG_WARN_ENUM_CONVERSION = YES;
				CLANG_WARN_INFINITE_RECURSION = YES;
				CLANG_WARN_INT_CONVERSION = YES;
				CLANG_WARN_NON_LITERAL_NULL_CONVERSION = YES;
				CLANG_WARN_OBJC_IMPLICIT_RETAIN_SELF = YES;
				CLANG_WARN_OBJC_LITERAL_CONVERSION = YES;
				CLANG_WARN_OBJC_ROOT_CLASS = YES_ERROR;
				CLANG_WARN_RANGE_LOOP_ANALYSIS = YES;
				CLANG_WARN_STRICT_PROTOTYPES = YES;
				CLANG_WARN_SUSPICIOUS_MOVE = YES;
				CLANG_WARN_UNGUARDED_AVAILABILITY = YES_AGGRESSIVE;
				CLANG_WARN_UNREACHABLE_CODE = YES;
				CLANG_WARN__DUPLICATE_METHOD_MATCH = YES;
				CODE_SIGN_IDENTITY = "iPhone Developer";
				COPY_PHASE_STRIP = NO;
				DEBUG_INFORMATION_FORMAT = dwarf;
				ENABLE_STRICT_OBJC_MSGSEND = YES;
				ENABLE_TESTABILITY = YES;
				GCC_C_LANGUAGE_STANDARD = gnu11;
				GCC_DYNAMIC_NO_PIC = NO;
				GCC_NO_COMMON_BLOCKS = YES;
				GCC_OPTIMIZATION_LEVEL = 0;
				GCC_PREPROCESSOR_DEFINITIONS = (
					"DEBUG=1",
					"$(inherited)",
				);
				GCC_WARN_64_TO_32_BIT_CONVERSION = YES;
				GCC_WARN_ABOUT_RETURN_TYPE = YES_ERROR;
				GCC_WARN_UNDECLARED_SELECTOR = YES;
				GCC_WARN_UNINITIALIZED_AUTOS = YES_AGGRESSIVE;
				GCC_WARN_UNUSED_FUNCTION = YES;
				GCC_WARN_UNUSED_VARIABLE = YES;
				IPHONEOS_DEPLOYMENT_TARGET = 12.1;
				MTL_ENABLE_DEBUG_INFO = INCLUDE_SOURCE;
				MTL_FAST_MATH = YES;
				ONLY_ACTIVE_ARCH = YES;
				SDKROOT = iphoneos;
				SWIFT_ACTIVE_COMPILATION_CONDITIONS = DEBUG;
				SWIFT_OPTIMIZATION_LEVEL = "-Onone";
			};
			name = Debug;
		};
		6160248A21F918B500EB02CD /* Release */ = {
			isa = XCBuildConfiguration;
			buildSettings = {
				ALWAYS_SEARCH_USER_PATHS = NO;
				CLANG_ANALYZER_NONNULL = YES;
				CLANG_ANALYZER_NUMBER_OBJECT_CONVERSION = YES_AGGRESSIVE;
				CLANG_CXX_LANGUAGE_STANDARD = "gnu++14";
				CLANG_CXX_LIBRARY = "libc++";
				CLANG_ENABLE_MODULES = YES;
				CLANG_ENABLE_OBJC_ARC = YES;
				CLANG_ENABLE_OBJC_WEAK = YES;
				CLANG_WARN_BLOCK_CAPTURE_AUTORELEASING = YES;
				CLANG_WARN_BOOL_CONVERSION = YES;
				CLANG_WARN_COMMA = YES;
				CLANG_WARN_CONSTANT_CONVERSION = YES;
				CLANG_WARN_DEPRECATED_OBJC_IMPLEMENTATIONS = YES;
				CLANG_WARN_DIRECT_OBJC_ISA_USAGE = YES_ERROR;
				CLANG_WARN_DOCUMENTATION_COMMENTS = YES;
				CLANG_WARN_EMPTY_BODY = YES;
				CLANG_WARN_ENUM_CONVERSION = YES;
				CLANG_WARN_INFINITE_RECURSION = YES;
				CLANG_WARN_INT_CONVERSION = YES;
				CLANG_WARN_NON_LITERAL_NULL_CONVERSION = YES;
				CLANG_WARN_OBJC_IMPLICIT_RETAIN_SELF = YES;
				CLANG_WARN_OBJC_LITERAL_CONVERSION = YES;
				CLANG_WARN_OBJC_ROOT_CLASS = YES_ERROR;
				CLANG_WARN_RANGE_LOOP_ANALYSIS = YES;
				CLANG_WARN_STRICT_PROTOTYPES = YES;
				CLANG_WARN_SUSPICIOUS_MOVE = YES;
				CLANG_WARN_UNGUARDED_AVAILABILITY = YES_AGGRESSIVE;
				CLANG_WARN_UNREACHABLE_CODE = YES;
				CLANG_WARN__DUPLICATE_METHOD_MATCH = YES;
				CODE_SIGN_IDENTITY = "iPhone Developer";
				COPY_PHASE_STRIP = NO;
				DEBUG_INFORMATION_FORMAT = "dwarf-with-dsym";
				ENABLE_NS_ASSERTIONS = NO;
				ENABLE_STRICT_OBJC_MSGSEND = YES;
				GCC_C_LANGUAGE_STANDARD = gnu11;
				GCC_NO_COMMON_BLOCKS = YES;
				GCC_WARN_64_TO_32_BIT_CONVERSION = YES;
				GCC_WARN_ABOUT_RETURN_TYPE = YES_ERROR;
				GCC_WARN_UNDECLARED_SELECTOR = YES;
				GCC_WARN_UNINITIALIZED_AUTOS = YES_AGGRESSIVE;
				GCC_WARN_UNUSED_FUNCTION = YES;
				GCC_WARN_UNUSED_VARIABLE = YES;
				IPHONEOS_DEPLOYMENT_TARGET = 12.1;
				MTL_ENABLE_DEBUG_INFO = NO;
				MTL_FAST_MATH = YES;
				SDKROOT = iphoneos;
				SWIFT_COMPILATION_MODE = wholemodule;
				SWIFT_OPTIMIZATION_LEVEL = "-O";
				VALIDATE_PRODUCT = YES;
			};
			name = Release;
		};
		6160248C21F918B500EB02CD /* Debug */ = {
			isa = XCBuildConfiguration;
			baseConfigurationReference = CFB21BD3BDED05A8570C2966 /* Pods-LibertypoolAssignment.debug.xcconfig */;
			buildSettings = {
				ASSETCATALOG_COMPILER_APPICON_NAME = AppIcon;
				CODE_SIGN_STYLE = Automatic;
				DEVELOPMENT_TEAM = UQGSQNZ99G;
				INFOPLIST_FILE = "$(SRCROOT)/LibertypoolAssignment/Supporting Files/Info.plist";
				LD_RUNPATH_SEARCH_PATHS = (
					"$(inherited)",
					"@executable_path/Frameworks",
				);
				PRODUCT_BUNDLE_IDENTIFIER = com.brutecodes.LibertypoolAssignment;
				PRODUCT_NAME = "$(TARGET_NAME)";
				SWIFT_VERSION = 4.2;
				TARGETED_DEVICE_FAMILY = "1,2";
			};
			name = Debug;
		};
		6160248D21F918B500EB02CD /* Release */ = {
			isa = XCBuildConfiguration;
			baseConfigurationReference = 906509EFBAD71FFB2E0DAF8A /* Pods-LibertypoolAssignment.release.xcconfig */;
			buildSettings = {
				ASSETCATALOG_COMPILER_APPICON_NAME = AppIcon;
				CODE_SIGN_STYLE = Automatic;
				DEVELOPMENT_TEAM = UQGSQNZ99G;
				INFOPLIST_FILE = "$(SRCROOT)/LibertypoolAssignment/Supporting Files/Info.plist";
				LD_RUNPATH_SEARCH_PATHS = (
					"$(inherited)",
					"@executable_path/Frameworks",
				);
				PRODUCT_BUNDLE_IDENTIFIER = com.brutecodes.LibertypoolAssignment;
				PRODUCT_NAME = "$(TARGET_NAME)";
				SWIFT_VERSION = 4.2;
				TARGETED_DEVICE_FAMILY = "1,2";
			};
			name = Release;
		};
/* End XCBuildConfiguration section */

/* Begin XCConfigurationList section */
		6160247421F918B400EB02CD /* Build configuration list for PBXProject "LibertypoolAssignment" */ = {
			isa = XCConfigurationList;
			buildConfigurations = (
				6160248921F918B500EB02CD /* Debug */,
				6160248A21F918B500EB02CD /* Release */,
			);
			defaultConfigurationIsVisible = 0;
			defaultConfigurationName = Release;
		};
		6160248B21F918B500EB02CD /* Build configuration list for PBXNativeTarget "LibertypoolAssignment" */ = {
			isa = XCConfigurationList;
			buildConfigurations = (
				6160248C21F918B500EB02CD /* Debug */,
				6160248D21F918B500EB02CD /* Release */,
			);
			defaultConfigurationIsVisible = 0;
			defaultConfigurationName = Release;
		};
/* End XCConfigurationList section */
	};
	rootObject = 6160247121F918B400EB02CD /* Project object */;
}
